{
  "version": 4,
  "terraform_version": "1.14.0",
  "serial": 37,
  "lineage": "48f99c0e-ee59-386e-d8d1-d282e0203cf5",
  "outputs": {
    "readme_bucket_name": {
      "value": "readme-generator-output-bucket-na4ngklp",
      "type": "string"
    }
  },
  "resources": [
    {
      "mode": "data",
      "type": "archive_file",
      "name": "repo_intelligence_scanner_zip",
      "provider": "provider[\"registry.terraform.io/hashicorp/archive\"]",
      "instances": [
        {
          "schema_version": 0,
          "attributes": {
            "exclude_symlink_directories": null,
            "excludes": null,
            "id": "c0c548306f8d58e374b9e0bd978c3f2342433f1c",
            "output_base64sha256": "kwju2Na2E6DzrhTqpp6y7SN6mKb7ti0F4VpmpxWQtrw=",
            "output_base64sha512": "pVnSKjhGDJ8x6dEdVJBxe+JqwkTaTCsPOJjif/re+Adng0maT3xLYZL2FOz5ATkiAFiilqxvVD73e9AV4ubmdQ==",
            "output_file_mode": null,
            "output_md5": "9f2f6afacce9fba6dd7be27ce70cc3b5",
            "output_path": "./dist/repo_intelligence_scanner.zip",
            "output_sha": "c0c548306f8d58e374b9e0bd978c3f2342433f1c",
            "output_sha256": "9308eed8d6b613a0f3ae14eaa69eb2ed237a98a6fbb62d05e15a66a71590b6bc",
            "output_sha512": "a559d22a38460c9f31e9d11d5490717be26ac244da4c2b0f3898e27ffadef8076783499a4f7c4b6192f614ecf90139220058a296ac6f543ef77bd015e2e6e675",
            "output_size": 2529,
            "source": [],
            "source_content": null,
            "source_content_filename": null,
            "source_dir": "./src/repo_intelligence_scanner",
            "source_file": null,
            "type": "zip"
          },
          "sensitive_attributes": [],
          "identity_schema_version": 0
        }
      ]
    },
    {
      "mode": "data",
      "type": "archive_file",
      "name": "repo_scanner_zip",
      "provider": "provider[\"registry.terraform.io/hashicorp/archive\"]",
      "instances": [
        {
          "schema_version": 0,
          "attributes": {
            "exclude_symlink_directories": null,
            "excludes": null,
            "id": "cc86ba62a277ec8b11201f63fb4e00d9701b7743",
            "output_base64sha256": "5gRwYroQU8dbcnLhZWvTNJzA0doWyi7YfoTzPxyG0Pg=",
            "output_base64sha512": "SZh/lB8Ll5+e/EEHc5fCPhwypTSu3iIPVKFSCTQZZ0veqWU6MFXHcdPhdiFB3dYw8kM6x1nBE6+tzmA+xsebWg==",
            "output_file_mode": null,
            "output_md5": "1a83760faa05ffd317c543e1984c286f",
            "output_path": "./dist/repo_scanner.zip",
            "output_sha": "cc86ba62a277ec8b11201f63fb4e00d9701b7743",
            "output_sha256": "e6047062ba1053c75b7272e1656bd3349cc0d1da16ca2ed87e84f33f1c86d0f8",
            "output_sha512": "49987f941f0b979f9efc41077397c23e1c32a534aede220f54a152093419674bdea9653a3055c771d3e1762141ddd630f2433ac759c113afadce603ec6c79b5a",
            "output_size": 1059,
            "source": [],
            "source_content": null,
            "source_content_filename": null,
            "source_dir": "./src/repo_scanner",
            "source_file": null,
            "type": "zip"
          },
          "sensitive_attributes": [],
          "identity_schema_version": 0
        }
      ]
    },
    {
      "mode": "managed",
      "type": "aws_lambda_function",
      "name": "repo_scanner_lambda",
      "provider": "provider[\"registry.terraform.io/hashicorp/aws\"]",
      "instances": [
        {
          "schema_version": 0,
          "attributes": {
            "architectures": [
              "x86_64"
            ],
            "arn": "arn:aws:lambda:us-east-1:388691194728:function:RepoScannerTool",
            "code_sha256": "5gRwYroQU8dbcnLhZWvTNJzA0doWyi7YfoTzPxyG0Pg=",
            "code_signing_config_arn": "",
            "dead_letter_config": [],
            "description": "",
            "environment": [],
            "ephemeral_storage": [
              {
                "size": 1024
              }
            ],
            "file_system_config": [],
            "filename": "./dist/repo_scanner.zip",
            "function_name": "RepoScannerTool",
            "handler": "lambda_function.handler",
            "id": "RepoScannerTool",
            "image_config": [],
            "image_uri": "",
            "invoke_arn": "arn:aws:apigateway:us-east-1:lambda:path/2015-03-31/functions/arn:aws:lambda:us-east-1:388691194728:function:RepoScannerTool/invocations",
            "kms_key_arn": "",
            "last_modified": "2026-03-17T02:04:33.000+0000",
            "layers": [
              "arn:aws:lambda:us-east-1:553035198032:layer:git-lambda2:8"
            ],
            "logging_config": [
              {
                "application_log_level": "",
                "log_format": "Text",
                "log_group": "/aws/lambda/RepoScannerTool",
                "system_log_level": ""
              }
            ],
            "memory_size": 128,
            "package_type": "Zip",
            "publish": false,
            "qualified_arn": "arn:aws:lambda:us-east-1:388691194728:function:RepoScannerTool:$LATEST",
            "qualified_invoke_arn": "arn:aws:apigateway:us-east-1:lambda:path/2015-03-31/functions/arn:aws:lambda:us-east-1:388691194728:function:RepoScannerTool:$LATEST/invocations",
            "replace_security_groups_on_destroy": null,
            "replacement_security_group_ids": null,
            "reserved_concurrent_executions": -1,
            "role": "arn:aws:iam::388691194728:role/ReadmeGeneratorLambdaExecutionRole",
            "runtime": "python3.11",
            "s3_bucket": null,
            "s3_key": null,
            "s3_object_version": null,
            "signing_job_arn": "",
            "signing_profile_version_arn": "",
            "skip_destroy": false,
            "snap_start": [],
            "source_code_hash": "5gRwYroQU8dbcnLhZWvTNJzA0doWyi7YfoTzPxyG0Pg=",
            "source_code_size": 1059,
            "tags": {},
            "tags_all": {},
            "timeout": 30,
            "timeouts": null,
            "tracing_config": [
              {
                "mode": "PassThrough"
              }
            ],
            "version": "$LATEST",
            "vpc_config": []
          },
          "sensitive_attributes": [],
          "identity_schema_version": 0,
          "private": "eyJlMmJmYjczMC1lY2FhLTExZTYtOGY4OC0zNDM2M2JjN2M0YzAiOnsiY3JlYXRlIjo2MDAwMDAwMDAwMDAsImRlbGV0ZSI6NjAwMDAwMDAwMDAwLCJ1cGRhdGUiOjYwMDAwMDAwMDAwMH19",
          "dependencies": [
            "data.archive_file.repo_scanner_zip",
            "module.lambda_execution_role.aws_iam_role.this"
          ]
        }
      ]
    },
    {
      "mode": "managed",
      "type": "random_string",
      "name": "suffix",
      "provider": "provider[\"registry.terraform.io/hashicorp/random\"]",
      "instances": [
        {
          "schema_version": 2,
          "attributes": {
            "id": "na4ngklp",
            "keepers": null,
            "length": 8,
            "lower": true,
            "min_lower": 0,
            "min_numeric": 0,
            "min_special": 0,
            "min_upper": 0,
            "number": true,
            "numeric": true,
            "override_special": null,
            "result": "na4ngklp",
            "special": false,
            "upper": false
          },
          "sensitive_attributes": [],
          "identity_schema_version": 0
        }
      ]
    },
    {
      "module": "module.bedrock_agent_role",
      "mode": "managed",
      "type": "aws_iam_role",
      "name": "this",
      "provider": "provider[\"registry.terraform.io/hashicorp/aws\"]",
      "instances": []
    },
    {
      "module": "module.lambda_execution_role",
      "mode": "managed",
      "type": "aws_iam_role",
      "name": "this",
      "provider": "provider[\"registry.terraform.io/hashicorp/aws\"]",
      "instances": []
    },
    {
      "module": "module.repo_scanner_agent",
      "mode": "managed",
      "type": "aws_bedrockagent_agent",
      "name": "this",
      "provider": "provider[\"registry.terraform.io/hashicorp/aws\"]",
      "instances": [
        {
          "schema_version": 0,
          "attributes": {
            "agent_arn": "arn:aws:bedrock:us-east-1:388691194728:agent/IESJWR54RP",
            "agent_collaboration": "DISABLED",
            "agent_id": "IESJWR54RP",
            "agent_name": "Repo_Scanner_Agent",
            "agent_resource_role_arn": "arn:aws:iam::388691194728:role/ReadmeGeneratorBedrockAgentRole",
            "agent_version": null,
            "customer_encryption_key_arn": null,
            "description": null,
            "foundation_model": "us.anthropic.claude-sonnet-4-5-20250929-v1:0",
            "guardrail_configuration": null,
            "id": "IESJWR54RP",
            "idle_session_ttl_in_seconds": 600,
            "instruction": "Your job is to use the scan_repo tool to get a file list from a public GitHub URL. You are a helpful AI assistant. When a user provides a GitHub URL, you must use the available tool to scan it.",
            "memory_configuration": null,
            "prepare_agent": true,
            "prepared_at": "2026-03-17T02:30:30Z",
            "prompt_override_configuration": [
              {
                "override_lambda": null,
                "prompt_configurations": null
              }
            ],
            "skip_resource_in_use_check": false,
            "tags": null,
            "tags_all": {},
            "timeouts": null
          },
          "sensitive_attributes": [],
          "identity_schema_version": 0,
          "dependencies": [
            "module.bedrock_agent_role.aws_iam_role.this"
          ]
        }
      ]
    },
    {
      "module": "module.s3_bucket",
      "mode": "managed",
      "type": "aws_s3_bucket",
      "name": "this",
      "provider": "provider[\"registry.terraform.io/hashicorp/aws\"]",
      "instances": [
        {
          "schema_version": 0,
          "attributes": {
            "acceleration_status": "",
            "acl": null,
            "arn": "arn:aws:s3:::readme-generator-output-bucket-na4ngklp",
            "bucket": "readme-generator-output-bucket-na4ngklp",
            "bucket_domain_name": "readme-generator-output-bucket-na4ngklp.s3.amazonaws.com",
            "bucket_prefix": "",
            "bucket_regional_domain_name": "readme-generator-output-bucket-na4ngklp.s3.us-east-1.amazonaws.com",
            "cors_rule": [],
            "force_destroy": false,
            "grant": [
              {
                "id": "49562c83d471dd15f8c6ee618c77064b9bb47803fa60e09a243c8b9327ef7ebb",
                "permissions": [
                  "FULL_CONTROL"
                ],
                "type": "CanonicalUser",
                "uri": ""
              }
            ],
            "hosted_zone_id": "Z3AQBSTGFYJSTF",
            "id": "readme-generator-output-bucket-na4ngklp",
            "lifecycle_rule": [],
            "logging": [],
            "object_lock_configuration": [],
            "object_lock_enabled": false,
            "policy": "",
            "region": "us-east-1",
            "replication_configuration": [],
            "request_payer": "BucketOwner",
            "server_side_encryption_configuration": [
              {
                "rule": [
                  {
                    "apply_server_side_encryption_by_default": [
                      {
                        "kms_master_key_id": "",
                        "sse_algorithm": "AES256"
                      }
                    ],
                    "bucket_key_enabled": false
                  }
                ]
              }
            ],
            "tags": {},
            "tags_all": {},
            "timeouts": null,
            "versioning": [
              {
                "enabled": true,
                "mfa_delete": false
              }
            ],
            "website": [],
            "website_domain": null,
            "website_endpoint": null
          },
          "sensitive_attributes": [],
          "identity_schema_version": 0,
          "private": "eyJlMmJmYjczMC1lY2FhLTExZTYtOGY4OC0zNDM2M2JjN2M0YzAiOnsiY3JlYXRlIjoxMjAwMDAwMDAwMDAwLCJkZWxldGUiOjM2MDAwMDAwMDAwMDAsInJlYWQiOjEyMDAwMDAwMDAwMDAsInVwZGF0ZSI6MTIwMDAwMDAwMDAwMH19",
          "dependencies": [
            "random_string.suffix"
          ]
        }
      ]
    },
    {
      "module": "module.s3_bucket",
      "mode": "managed",
      "type": "aws_s3_bucket_server_side_encryption_configuration",
      "name": "this",
      "provider": "provider[\"registry.terraform.io/hashicorp/aws\"]",
      "instances": [
        {
          "schema_version": 0,
          "attributes": {
            "bucket": "readme-generator-output-bucket-na4ngklp",
            "expected_bucket_owner": "",
            "id": "readme-generator-output-bucket-na4ngklp",
            "rule": [
              {
                "apply_server_side_encryption_by_default": [
                  {
                    "kms_master_key_id": "",
                    "sse_algorithm": "AES256"
                  }
                ],
                "bucket_key_enabled": false
              }
            ]
          },
          "sensitive_attributes": [],
          "identity_schema_version": 0,
          "private": "bnVsbA==",
          "dependencies": [
            "module.s3_bucket.aws_s3_bucket.this",
            "random_string.suffix"
          ]
        }
      ]
    },
    {
      "module": "module.s3_bucket",
      "mode": "managed",
      "type": "aws_s3_bucket_versioning",
      "name": "this",
      "provider": "provider[\"registry.terraform.io/hashicorp/aws\"]",
      "instances": [
        {
          "schema_version": 0,
          "attributes": {
            "bucket": "readme-generator-output-bucket-na4ngklp",
            "expected_bucket_owner": "",
            "id": "readme-generator-output-bucket-na4ngklp",
            "mfa": null,
            "versioning_configuration": [
              {
                "mfa_delete": "",
                "status": "Enabled"
              }
            ]
          },
          "sensitive_attributes": [],
          "identity_schema_version": 0,
          "private": "bnVsbA==",
          "dependencies": [
            "module.s3_bucket.aws_s3_bucket.this",
            "random_string.suffix"
          ]
        }
      ]
    }
  ],
  "check_results": null
}
